
Microsoft Visual Studio Solution File, Format Version 12.00
# Visual Studio Version 17
VisualStudioVersion = 17.11.35327.3
MinimumVisualStudioVersion = 10.0.40219.1
Project("{2150E333-8FDC-42A3-9474-1A3956D46DE8}") = "Solution.items", "Solution.items", "{C9276B55-AAEA-4B5E-8A1F-EBAF2083D245}"
	ProjectSection(SolutionItems) = preProject
		.dockerignore = .dockerignore
		src\docker-compose.override.yml = src\docker-compose.override.yml
		src\docker-compose.yml = src\docker-compose.yml
		..\..\ki6_fpt\OJT_FA\typing-test\README.md = ..\..\ki6_fpt\OJT_FA\typing-test\README.md
		C:\Users\Viet\Pictures\Screenshots\Solution-architect.png = C:\Users\Viet\Pictures\Screenshots\Solution-architect.png
	EndProjectSection
EndProject
Project("{2150E333-8FDC-42A3-9474-1A3956D46DE8}") = "src", "src", "{3C48308F-EF99-4FD7-ACB9-6F394DE14143}"
EndProject
Project("{2150E333-8FDC-42A3-9474-1A3956D46DE8}") = "tests", "tests", "{79AF731C-90DA-4351-9694-9AA47E09A3A9}"
EndProject
Project("{2150E333-8FDC-42A3-9474-1A3956D46DE8}") = "ApiGateways", "ApiGateways", "{A83F850A-5F57-4765-BC9B-3E4FB71BA1D1}"
EndProject
Project("{2150E333-8FDC-42A3-9474-1A3956D46DE8}") = "BuildingBlocks", "BuildingBlocks", "{2C3A030B-4EEB-49E4-8EAA-4FFF91CAB6EC}"
EndProject
Project("{2150E333-8FDC-42A3-9474-1A3956D46DE8}") = "Services", "Services", "{66F486AD-3C5F-4020-B857-BB8C51853D25}"
EndProject
Project("{2150E333-8FDC-42A3-9474-1A3956D46DE8}") = "WebApps", "WebApps", "{1FBC6154-AD46-473D-8C09-7749E4B18993}"
EndProject
Project("{9A19103F-16F7-4668-BE54-9A1E7A4F7556}") = "EventBus.Messages", "src\BuildingBlocks\EventBus.Messages\EventBus.Messages.csproj", "{81531352-CE23-4DE8-9B76-B8104AB852C5}"
EndProject
Project("{2150E333-8FDC-42A3-9474-1A3956D46DE8}") = "Product", "Product", "{BAD7BD2C-EC02-4B4D-9E8E-7F57AAB5658E}"
EndProject
Project("{2150E333-8FDC-42A3-9474-1A3956D46DE8}") = "Inventory", "Inventory", "{CBD47977-F2A9-486F-B3D9-DFF1F6F7174C}"
EndProject
Project("{2150E333-8FDC-42A3-9474-1A3956D46DE8}") = "Ordering", "Ordering", "{AFA80476-39A1-409C-991D-FE7DCA50E1D0}"
EndProject
Project("{2150E333-8FDC-42A3-9474-1A3956D46DE8}") = "Customer", "Customer", "{C438DF1C-1929-4004-BD1F-B0C7559AE07B}"
EndProject
Project("{2150E333-8FDC-42A3-9474-1A3956D46DE8}") = "Basket", "Basket", "{47DC71F6-B5B5-4901-901B-17517531BFFC}"
EndProject
Project("{2150E333-8FDC-42A3-9474-1A3956D46DE8}") = "ScheduleJob", "ScheduleJob", "{5B3681CE-63A6-460E-BBDB-5D5015E88CAF}"
EndProject
Project("{9A19103F-16F7-4668-BE54-9A1E7A4F7556}") = "WebHealthStatus", "src\WebApps\WebHealthStatus\WebHealthStatus.csproj", "{771F4380-CB85-4672-8141-54CE6185ABE9}"
EndProject
Project("{9A19103F-16F7-4668-BE54-9A1E7A4F7556}") = "Basket.API", "src\Services\Basket.API\Basket.API.csproj", "{90190B64-0855-47C5-9A39-6B7440F9498F}"
EndProject
Project("{9A19103F-16F7-4668-BE54-9A1E7A4F7556}") = "Customer.API", "src\Services\Customer.API\Customer.API.csproj", "{659C7C5F-B56D-40F0-8081-A044B90E8D4B}"
EndProject
Project("{9A19103F-16F7-4668-BE54-9A1E7A4F7556}") = "Inventory.Product.API", "src\Services\Inventory.Product.API\Inventory.Product.API.csproj", "{001DA020-721B-4FA7-8F2A-6914D767307E}"
EndProject
Project("{9A19103F-16F7-4668-BE54-9A1E7A4F7556}") = "Product.API", "src\Services\Product.API\Product.API.csproj", "{6BAC0A3C-BDD4-469C-9E68-E9DB05EE7EAB}"
EndProject
Project("{9A19103F-16F7-4668-BE54-9A1E7A4F7556}") = "Hangfire.API", "src\Services\Hangfire.API\Hangfire.API.csproj", "{2D24FEC3-1B0A-4B9F-8468-DBC55222DC0D}"
EndProject
Project("{9A19103F-16F7-4668-BE54-9A1E7A4F7556}") = "Contracts", "src\BuildingBlocks\Contracts\Contracts.csproj", "{BBAA1176-CFFC-4428-9481-C243FF32257F}"
EndProject
Project("{9A19103F-16F7-4668-BE54-9A1E7A4F7556}") = "Shared", "src\BuildingBlocks\Shared\Shared.csproj", "{88353482-B941-4383-AE5A-E366B99C0D3D}"
EndProject
Project("{9A19103F-16F7-4668-BE54-9A1E7A4F7556}") = "OcelotApiGw", "src\APIGateWays\OcelotApiGw\OcelotApiGw.csproj", "{5C4986B6-3FAE-4AFA-AE24-F9B93EE59F3C}"
EndProject
Project("{9A19103F-16F7-4668-BE54-9A1E7A4F7556}") = "Infrastructure", "src\BuildingBlocks\Infrastructure\Infrastructure.csproj", "{348DC54A-9261-4AA3-A7AD-ED0691E4CF86}"
EndProject
Project("{9A19103F-16F7-4668-BE54-9A1E7A4F7556}") = "Common.Logging", "src\BuildingBlocks\Common.Logging\Common.Logging.csproj", "{8A6E466D-F272-40C6-974A-BD31AB6D0B55}"
EndProject
Project("{2150E333-8FDC-42A3-9474-1A3956D46DE8}") = "Ordering.API", "Ordering.API", "{02EA681E-C7D8-13C7-8484-4AC65E1B71E8}"
EndProject
Project("{FAE04EC0-301F-11D3-BF4B-00C04F79EFBC}") = "Ordering.API", "src\Services\Ordering\Ordering.API\Ordering.API.csproj", "{EC3026C4-018A-C1B5-CC47-B1D73CE3A0C4}"
EndProject
Project("{FAE04EC0-301F-11D3-BF4B-00C04F79EFBC}") = "Ordering.Application", "src\Services\Ordering\Ordering.Application\Ordering.Application.csproj", "{BB356127-203F-456F-B24D-43400DA03E30}"
EndProject
Project("{FAE04EC0-301F-11D3-BF4B-00C04F79EFBC}") = "Ordering.Domain", "src\Services\Ordering\Ordering.Domain\Ordering.Domain.csproj", "{1553C0F7-ECB5-4F35-A800-DDBC2EA0C233}"
EndProject
Project("{FAE04EC0-301F-11D3-BF4B-00C04F79EFBC}") = "Ordering.Infrastructure", "Ordering.Infrastructure\Ordering.Infrastructure.csproj", "{58B41203-85D5-4F1E-A1BB-D49B4044E384}"
EndProject
Global
	GlobalSection(SolutionConfigurationPlatforms) = preSolution
		Debug|Any CPU = Debug|Any CPU
		Release|Any CPU = Release|Any CPU
	EndGlobalSection
	GlobalSection(ProjectConfigurationPlatforms) = postSolution
		{81531352-CE23-4DE8-9B76-B8104AB852C5}.Debug|Any CPU.ActiveCfg = Debug|Any CPU
		{81531352-CE23-4DE8-9B76-B8104AB852C5}.Debug|Any CPU.Build.0 = Debug|Any CPU
		{81531352-CE23-4DE8-9B76-B8104AB852C5}.Release|Any CPU.ActiveCfg = Release|Any CPU
		{81531352-CE23-4DE8-9B76-B8104AB852C5}.Release|Any CPU.Build.0 = Release|Any CPU
		{771F4380-CB85-4672-8141-54CE6185ABE9}.Debug|Any CPU.ActiveCfg = Debug|Any CPU
		{771F4380-CB85-4672-8141-54CE6185ABE9}.Debug|Any CPU.Build.0 = Debug|Any CPU
		{771F4380-CB85-4672-8141-54CE6185ABE9}.Release|Any CPU.ActiveCfg = Release|Any CPU
		{771F4380-CB85-4672-8141-54CE6185ABE9}.Release|Any CPU.Build.0 = Release|Any CPU
		{90190B64-0855-47C5-9A39-6B7440F9498F}.Debug|Any CPU.ActiveCfg = Debug|Any CPU
		{90190B64-0855-47C5-9A39-6B7440F9498F}.Debug|Any CPU.Build.0 = Debug|Any CPU
		{90190B64-0855-47C5-9A39-6B7440F9498F}.Release|Any CPU.ActiveCfg = Release|Any CPU
		{90190B64-0855-47C5-9A39-6B7440F9498F}.Release|Any CPU.Build.0 = Release|Any CPU
		{659C7C5F-B56D-40F0-8081-A044B90E8D4B}.Debug|Any CPU.ActiveCfg = Debug|Any CPU
		{659C7C5F-B56D-40F0-8081-A044B90E8D4B}.Debug|Any CPU.Build.0 = Debug|Any CPU
		{659C7C5F-B56D-40F0-8081-A044B90E8D4B}.Release|Any CPU.ActiveCfg = Release|Any CPU
		{659C7C5F-B56D-40F0-8081-A044B90E8D4B}.Release|Any CPU.Build.0 = Release|Any CPU
		{001DA020-721B-4FA7-8F2A-6914D767307E}.Debug|Any CPU.ActiveCfg = Debug|Any CPU
		{001DA020-721B-4FA7-8F2A-6914D767307E}.Debug|Any CPU.Build.0 = Debug|Any CPU
		{001DA020-721B-4FA7-8F2A-6914D767307E}.Release|Any CPU.ActiveCfg = Release|Any CPU
		{001DA020-721B-4FA7-8F2A-6914D767307E}.Release|Any CPU.Build.0 = Release|Any CPU
		{6BAC0A3C-BDD4-469C-9E68-E9DB05EE7EAB}.Debug|Any CPU.ActiveCfg = Debug|Any CPU
		{6BAC0A3C-BDD4-469C-9E68-E9DB05EE7EAB}.Debug|Any CPU.Build.0 = Debug|Any CPU
		{6BAC0A3C-BDD4-469C-9E68-E9DB05EE7EAB}.Release|Any CPU.ActiveCfg = Release|Any CPU
		{6BAC0A3C-BDD4-469C-9E68-E9DB05EE7EAB}.Release|Any CPU.Build.0 = Release|Any CPU
		{2D24FEC3-1B0A-4B9F-8468-DBC55222DC0D}.Debug|Any CPU.ActiveCfg = Debug|Any CPU
		{2D24FEC3-1B0A-4B9F-8468-DBC55222DC0D}.Debug|Any CPU.Build.0 = Debug|Any CPU
		{2D24FEC3-1B0A-4B9F-8468-DBC55222DC0D}.Release|Any CPU.ActiveCfg = Release|Any CPU
		{2D24FEC3-1B0A-4B9F-8468-DBC55222DC0D}.Release|Any CPU.Build.0 = Release|Any CPU
		{BBAA1176-CFFC-4428-9481-C243FF32257F}.Debug|Any CPU.ActiveCfg = Debug|Any CPU
		{BBAA1176-CFFC-4428-9481-C243FF32257F}.Debug|Any CPU.Build.0 = Debug|Any CPU
		{BBAA1176-CFFC-4428-9481-C243FF32257F}.Release|Any CPU.ActiveCfg = Release|Any CPU
		{BBAA1176-CFFC-4428-9481-C243FF32257F}.Release|Any CPU.Build.0 = Release|Any CPU
		{88353482-B941-4383-AE5A-E366B99C0D3D}.Debug|Any CPU.ActiveCfg = Debug|Any CPU
		{88353482-B941-4383-AE5A-E366B99C0D3D}.Debug|Any CPU.Build.0 = Debug|Any CPU
		{88353482-B941-4383-AE5A-E366B99C0D3D}.Release|Any CPU.ActiveCfg = Release|Any CPU
		{88353482-B941-4383-AE5A-E366B99C0D3D}.Release|Any CPU.Build.0 = Release|Any CPU
		{5C4986B6-3FAE-4AFA-AE24-F9B93EE59F3C}.Debug|Any CPU.ActiveCfg = Debug|Any CPU
		{5C4986B6-3FAE-4AFA-AE24-F9B93EE59F3C}.Debug|Any CPU.Build.0 = Debug|Any CPU
		{5C4986B6-3FAE-4AFA-AE24-F9B93EE59F3C}.Release|Any CPU.ActiveCfg = Release|Any CPU
		{5C4986B6-3FAE-4AFA-AE24-F9B93EE59F3C}.Release|Any CPU.Build.0 = Release|Any CPU
		{348DC54A-9261-4AA3-A7AD-ED0691E4CF86}.Debug|Any CPU.ActiveCfg = Debug|Any CPU
		{348DC54A-9261-4AA3-A7AD-ED0691E4CF86}.Debug|Any CPU.Build.0 = Debug|Any CPU
		{348DC54A-9261-4AA3-A7AD-ED0691E4CF86}.Release|Any CPU.ActiveCfg = Release|Any CPU
		{348DC54A-9261-4AA3-A7AD-ED0691E4CF86}.Release|Any CPU.Build.0 = Release|Any CPU
		{8A6E466D-F272-40C6-974A-BD31AB6D0B55}.Debug|Any CPU.ActiveCfg = Debug|Any CPU
		{8A6E466D-F272-40C6-974A-BD31AB6D0B55}.Debug|Any CPU.Build.0 = Debug|Any CPU
		{8A6E466D-F272-40C6-974A-BD31AB6D0B55}.Release|Any CPU.ActiveCfg = Release|Any CPU
		{8A6E466D-F272-40C6-974A-BD31AB6D0B55}.Release|Any CPU.Build.0 = Release|Any CPU
		{EC3026C4-018A-C1B5-CC47-B1D73CE3A0C4}.Debug|Any CPU.ActiveCfg = Debug|Any CPU
		{EC3026C4-018A-C1B5-CC47-B1D73CE3A0C4}.Debug|Any CPU.Build.0 = Debug|Any CPU
		{EC3026C4-018A-C1B5-CC47-B1D73CE3A0C4}.Release|Any CPU.ActiveCfg = Release|Any CPU
		{EC3026C4-018A-C1B5-CC47-B1D73CE3A0C4}.Release|Any CPU.Build.0 = Release|Any CPU
		{BB356127-203F-456F-B24D-43400DA03E30}.Debug|Any CPU.ActiveCfg = Debug|Any CPU
		{BB356127-203F-456F-B24D-43400DA03E30}.Debug|Any CPU.Build.0 = Debug|Any CPU
		{BB356127-203F-456F-B24D-43400DA03E30}.Release|Any CPU.ActiveCfg = Release|Any CPU
		{BB356127-203F-456F-B24D-43400DA03E30}.Release|Any CPU.Build.0 = Release|Any CPU
		{1553C0F7-ECB5-4F35-A800-DDBC2EA0C233}.Debug|Any CPU.ActiveCfg = Debug|Any CPU
		{1553C0F7-ECB5-4F35-A800-DDBC2EA0C233}.Debug|Any CPU.Build.0 = Debug|Any CPU
		{1553C0F7-ECB5-4F35-A800-DDBC2EA0C233}.Release|Any CPU.ActiveCfg = Release|Any CPU
		{1553C0F7-ECB5-4F35-A800-DDBC2EA0C233}.Release|Any CPU.Build.0 = Release|Any CPU
		{58B41203-85D5-4F1E-A1BB-D49B4044E384}.Debug|Any CPU.ActiveCfg = Debug|Any CPU
		{58B41203-85D5-4F1E-A1BB-D49B4044E384}.Debug|Any CPU.Build.0 = Debug|Any CPU
		{58B41203-85D5-4F1E-A1BB-D49B4044E384}.Release|Any CPU.ActiveCfg = Release|Any CPU
		{58B41203-85D5-4F1E-A1BB-D49B4044E384}.Release|Any CPU.Build.0 = Release|Any CPU
	EndGlobalSection
	GlobalSection(SolutionProperties) = preSolution
		HideSolutionNode = FALSE
	EndGlobalSection
	GlobalSection(NestedProjects) = preSolution
		{A83F850A-5F57-4765-BC9B-3E4FB71BA1D1} = {3C48308F-EF99-4FD7-ACB9-6F394DE14143}
		{2C3A030B-4EEB-49E4-8EAA-4FFF91CAB6EC} = {3C48308F-EF99-4FD7-ACB9-6F394DE14143}
		{66F486AD-3C5F-4020-B857-BB8C51853D25} = {3C48308F-EF99-4FD7-ACB9-6F394DE14143}
		{1FBC6154-AD46-473D-8C09-7749E4B18993} = {3C48308F-EF99-4FD7-ACB9-6F394DE14143}
		{81531352-CE23-4DE8-9B76-B8104AB852C5} = {2C3A030B-4EEB-49E4-8EAA-4FFF91CAB6EC}
		{BAD7BD2C-EC02-4B4D-9E8E-7F57AAB5658E} = {66F486AD-3C5F-4020-B857-BB8C51853D25}
		{CBD47977-F2A9-486F-B3D9-DFF1F6F7174C} = {66F486AD-3C5F-4020-B857-BB8C51853D25}
		{AFA80476-39A1-409C-991D-FE7DCA50E1D0} = {66F486AD-3C5F-4020-B857-BB8C51853D25}
		{C438DF1C-1929-4004-BD1F-B0C7559AE07B} = {66F486AD-3C5F-4020-B857-BB8C51853D25}
		{47DC71F6-B5B5-4901-901B-17517531BFFC} = {66F486AD-3C5F-4020-B857-BB8C51853D25}
		{5B3681CE-63A6-460E-BBDB-5D5015E88CAF} = {66F486AD-3C5F-4020-B857-BB8C51853D25}
		{771F4380-CB85-4672-8141-54CE6185ABE9} = {1FBC6154-AD46-473D-8C09-7749E4B18993}
		{90190B64-0855-47C5-9A39-6B7440F9498F} = {47DC71F6-B5B5-4901-901B-17517531BFFC}
		{659C7C5F-B56D-40F0-8081-A044B90E8D4B} = {C438DF1C-1929-4004-BD1F-B0C7559AE07B}
		{001DA020-721B-4FA7-8F2A-6914D767307E} = {CBD47977-F2A9-486F-B3D9-DFF1F6F7174C}
		{6BAC0A3C-BDD4-469C-9E68-E9DB05EE7EAB} = {BAD7BD2C-EC02-4B4D-9E8E-7F57AAB5658E}
		{2D24FEC3-1B0A-4B9F-8468-DBC55222DC0D} = {5B3681CE-63A6-460E-BBDB-5D5015E88CAF}
		{BBAA1176-CFFC-4428-9481-C243FF32257F} = {2C3A030B-4EEB-49E4-8EAA-4FFF91CAB6EC}
		{88353482-B941-4383-AE5A-E366B99C0D3D} = {2C3A030B-4EEB-49E4-8EAA-4FFF91CAB6EC}
		{5C4986B6-3FAE-4AFA-AE24-F9B93EE59F3C} = {A83F850A-5F57-4765-BC9B-3E4FB71BA1D1}
		{348DC54A-9261-4AA3-A7AD-ED0691E4CF86} = {2C3A030B-4EEB-49E4-8EAA-4FFF91CAB6EC}
		{8A6E466D-F272-40C6-974A-BD31AB6D0B55} = {2C3A030B-4EEB-49E4-8EAA-4FFF91CAB6EC}
		{02EA681E-C7D8-13C7-8484-4AC65E1B71E8} = {AFA80476-39A1-409C-991D-FE7DCA50E1D0}
		{EC3026C4-018A-C1B5-CC47-B1D73CE3A0C4} = {02EA681E-C7D8-13C7-8484-4AC65E1B71E8}
		{BB356127-203F-456F-B24D-43400DA03E30} = {02EA681E-C7D8-13C7-8484-4AC65E1B71E8}
		{1553C0F7-ECB5-4F35-A800-DDBC2EA0C233} = {02EA681E-C7D8-13C7-8484-4AC65E1B71E8}
		{58B41203-85D5-4F1E-A1BB-D49B4044E384} = {02EA681E-C7D8-13C7-8484-4AC65E1B71E8}
	EndGlobalSection
	GlobalSection(ExtensibilityGlobals) = postSolution
		SolutionGuid = {B2AE3FA5-5B74-4837-AD9B-5B82A3E4CAEA}
	EndGlobalSection
EndGlobal
